<?xml version="1.0" encoding="utf-8"?>
<Project ToolsVersion="4.0" xmlns="http://schemas.microsoft.com/developer/msbuild/2003">
  <ItemGroup>
    <Filter Include="ソース ファイル">
      <UniqueIdentifier>{4FC737F1-C7A5-4376-A066-2A32D752A2FF}</UniqueIdentifier>
      <Extensions>cpp;c;cc;cxx;def;odl;idl;hpj;bat;asm;asmx</Extensions>
    </Filter>
    <Filter Include="ヘッダー ファイル">
      <UniqueIdentifier>{93995380-89BD-4b04-88EB-625FBE52EBFB}</UniqueIdentifier>
      <Extensions>h;hh;hpp;hxx;hm;inl;inc;xsd</Extensions>
    </Filter>
    <Filter Include="リソース ファイル">
      <UniqueIdentifier>{67DA6AB6-F800-4c08-8B7A-83BB121AAD01}</UniqueIdentifier>
      <Extensions>rc;ico;cur;bmp;dlg;rc2;rct;bin;rgs;gif;jpg;jpeg;jpe;resx;tiff;tif;png;wav;mfcribbon-ms</Extensions>
    </Filter>
    <Filter Include="COMMAND">
      <UniqueIdentifier>{4f37577a-c3d7-42a4-88b9-8ddecbe4c6fa}</UniqueIdentifier>
    </Filter>
  </ItemGroup>
  <ItemGroup>
    <Text Include="ReadMe.txt" />
  </ItemGroup>
  <ItemGroup>
    <ClInclude Include="KIBOSYSTEM.h">
      <Filter>ヘッダー ファイル</Filter>
    </ClInclude>
    <ClInclude Include="stdafx.h">
      <Filter>ヘッダー ファイル</Filter>
    </ClInclude>
    <ClInclude Include="targetver.h">
      <Filter>ヘッダー ファイル</Filter>
    </ClInclude>
    <ClInclude Include="MainFrm.h">
      <Filter>ヘッダー ファイル</Filter>
    </ClInclude>
    <ClInclude Include="KIBOSYSTEMDoc.h">
      <Filter>ヘッダー ファイル</Filter>
    </ClInclude>
    <ClInclude Include="KIBOSYSTEMView.h">
      <Filter>ヘッダー ファイル</Filter>
    </ClInclude>
    <ClInclude Include="Resource.h">
      <Filter>ヘッダー ファイル</Filter>
    </ClInclude>
    <ClInclude Include="FileView.h">
      <Filter>ヘッダー ファイル</Filter>
    </ClInclude>
    <ClInclude Include="ClassView.h">
      <Filter>ヘッダー ファイル</Filter>
    </ClInclude>
    <ClInclude Include="ViewTree.h">
      <Filter>ヘッダー ファイル</Filter>
    </ClInclude>
    <ClInclude Include="OutputWnd.h">
      <Filter>ヘッダー ファイル</Filter>
    </ClInclude>
    <ClInclude Include="PropertiesWnd.h">
      <Filter>ヘッダー ファイル</Filter>
    </ClInclude>
    <ClInclude Include="ScriptApp.h">
      <Filter>ヘッダー ファイル</Filter>
    </ClInclude>
    <ClInclude Include="ColorBitmap.h">
      <Filter>ヘッダー ファイル</Filter>
    </ClInclude>
    <ClInclude Include="BitmapCamera.h">
      <Filter>ヘッダー ファイル</Filter>
    </ClInclude>
    <ClInclude Include="ICube.h">
      <Filter>ヘッダー ファイル</Filter>
    </ClInclude>
    <ClInclude Include="NET_ICube_API.h">
      <Filter>ヘッダー ファイル</Filter>
    </ClInclude>
    <ClInclude Include="BinaryDlg.h">
      <Filter>ヘッダー ファイル</Filter>
    </ClInclude>
    <ClInclude Include="DirectXCamera.h">
      <Filter>ヘッダー ファイル</Filter>
    </ClInclude>
    <ClInclude Include="ToolBarPlus.h">
      <Filter>ヘッダー ファイル</Filter>
    </ClInclude>
    <ClInclude Include="Mp4Camera.h">
      <Filter>ヘッダー ファイル</Filter>
    </ClInclude>
  </ItemGroup>
  <ItemGroup>
    <ClCompile Include="KIBOSYSTEM.cpp">
      <Filter>ソース ファイル</Filter>
    </ClCompile>
    <ClCompile Include="stdafx.cpp">
      <Filter>ソース ファイル</Filter>
    </ClCompile>
    <ClCompile Include="MainFrm.cpp">
      <Filter>ソース ファイル</Filter>
    </ClCompile>
    <ClCompile Include="KIBOSYSTEMDoc.cpp">
      <Filter>ソース ファイル</Filter>
    </ClCompile>
    <ClCompile Include="KIBOSYSTEMView.cpp">
      <Filter>ソース ファイル</Filter>
    </ClCompile>
    <ClCompile Include="FileView.cpp">
      <Filter>ソース ファイル</Filter>
    </ClCompile>
    <ClCompile Include="ClassView.cpp">
      <Filter>ソース ファイル</Filter>
    </ClCompile>
    <ClCompile Include="ViewTree.cpp">
      <Filter>ソース ファイル</Filter>
    </ClCompile>
    <ClCompile Include="OutputWnd.cpp">
      <Filter>ソース ファイル</Filter>
    </ClCompile>
    <ClCompile Include="PropertiesWnd.cpp">
      <Filter>ソース ファイル</Filter>
    </ClCompile>
    <ClCompile Include="ScriptApp.cpp">
      <Filter>ソース ファイル</Filter>
    </ClCompile>
    <ClCompile Include="ColorBitmap.cpp">
      <Filter>ソース ファイル</Filter>
    </ClCompile>
    <ClCompile Include="BitmapCamera.cpp">
      <Filter>ソース ファイル</Filter>
    </ClCompile>
    <ClCompile Include="ICube.cpp">
      <Filter>ソース ファイル</Filter>
    </ClCompile>
    <ClCompile Include="NET_ICube_API.cpp">
      <Filter>ソース ファイル</Filter>
    </ClCompile>
    <ClCompile Include="BinaryDlg.cpp">
      <Filter>ソース ファイル</Filter>
    </ClCompile>
    <ClCompile Include="DirectXCamera.cpp">
      <Filter>ソース ファイル</Filter>
    </ClCompile>
    <ClCompile Include="ToolBarPlus.cpp">
      <Filter>ソース ファイル</Filter>
    </ClCompile>
    <ClCompile Include="Mp4Camera.cpp">
      <Filter>ソース ファイル</Filter>
    </ClCompile>
  </ItemGroup>
  <ItemGroup>
    <ResourceCompile Include="KIBOSYSTEM.rc">
      <Filter>リソース ファイル</Filter>
    </ResourceCompile>
  </ItemGroup>
  <ItemGroup>
    <Image Include="res\file_view.ico">
      <Filter>リソース ファイル</Filter>
    </Image>
    <Image Include="res\file_view_hc.ico">
      <Filter>リソース ファイル</Filter>
    </Image>
    <Image Include="res\class_view.ico">
      <Filter>リソース ファイル</Filter>
    </Image>
    <Image Include="res\class_view_hc.ico">
      <Filter>リソース ファイル</Filter>
    </Image>
    <Image Include="res\fileview.bmp">
      <Filter>リソース ファイル</Filter>
    </Image>
    <Image Include="res\fileview_hc.bmp">
      <Filter>リソース ファイル</Filter>
    </Image>
    <Image Include="res\classview.bmp">
      <Filter>リソース ファイル</Filter>
    </Image>
    <Image Include="res\classview_hc.bmp">
      <Filter>リソース ファイル</Filter>
    </Image>
    <Image Include="res\explorer.bmp">
      <Filter>リソース ファイル</Filter>
    </Image>
    <Image Include="res\explorer_hc.bmp">
      <Filter>リソース ファイル</Filter>
    </Image>
    <Image Include="res\sort.bmp">
      <Filter>リソース ファイル</Filter>
    </Image>
    <Image Include="res\sort_hc.bmp">
      <Filter>リソース ファイル</Filter>
    </Image>
    <Image Include="res\menuimages.bmp">
      <Filter>リソース ファイル</Filter>
    </Image>
    <Image Include="res\menuimages_hc.bmp">
      <Filter>リソース ファイル</Filter>
    </Image>
    <Image Include="res\output_wnd.ico">
      <Filter>リソース ファイル</Filter>
    </Image>
    <Image Include="res\output_wnd_hc.ico">
      <Filter>リソース ファイル</Filter>
    </Image>
    <Image Include="res\properties_wnd.ico">
      <Filter>リソース ファイル</Filter>
    </Image>
    <Image Include="res\properties_wnd_hc.ico">
      <Filter>リソース ファイル</Filter>
    </Image>
    <Image Include="res\properties.bmp">
      <Filter>リソース ファイル</Filter>
    </Image>
    <Image Include="res\properties_hc.bmp">
      <Filter>リソース ファイル</Filter>
    </Image>
    <Image Include="UserImages.bmp">
      <Filter>リソース ファイル</Filter>
    </Image>
    <Image Include="res\KIBOSYSTEMDoc.ico">
      <Filter>リソース ファイル</Filter>
    </Image>
    <Image Include="res\KIBOSYSTEM.ico">
      <Filter>リソース ファイル</Filter>
    </Image>
    <Image Include="res\Toolbar.bmp">
      <Filter>リソース ファイル</Filter>
    </Image>
    <Image Include="res\Toolbar256.bmp">
      <Filter>リソース ファイル</Filter>
    </Image>
  </ItemGroup>
  <ItemGroup>
    <None Include="res\KIBOSYSTEM.rc2">
      <Filter>リソース ファイル</Filter>
    </None>
    <None Include="Init.js" />
    <None Include="KIBOSYSTEM.ini" />
    <None Include="Command\2値化ダイアログ.js">
      <Filter>COMMAND</Filter>
    </None>
    <None Include="Command\カメラ入力.js">
      <Filter>COMMAND</Filter>
    </None>
    <None Include="Command\TEST.js">
      <Filter>COMMAND</Filter>
    </None>
    <None Include="Command\画像切り替え.js">
      <Filter>COMMAND</Filter>
    </None>
    <None Include="Command\画像計測.js">
      <Filter>COMMAND</Filter>
    </None>
    <None Include="Command\キャリブレーション.js">
      <Filter>COMMAND</Filter>
    </None>
    <None Include="Command\文字認識.js">
      <Filter>COMMAND</Filter>
    </None>
  </ItemGroup>
</Project>